
Microsoft Visual Studio Solution File, Format Version 12.00
# Visual Studio Version 17
VisualStudioVersion = 17.7.34031.279
MinimumVisualStudioVersion = 10.0.40219.1
Project("{FAE04EC0-301F-11D3-BF4B-00C04F79EFBC}") = "NET.Avanzado.WebService.Library", "NET.Avanzado.WebService.Library\NET.Avanzado.WebService.Library.csproj", "{37FC3470-8DEB-40F3-B1E5-A242812A0C5A}"
EndProject
Global
	GlobalSection(SolutionConfigurationPlatforms) = preSolution
		Debug|Any CPU = Debug|Any CPU
		Release|Any CPU = Release|Any CPU
	EndGlobalSection
	GlobalSection(ProjectConfigurationPlatforms) = postSolution
		{37FC3470-8DEB-40F3-B1E5-A242812A0C5A}.Debug|Any CPU.ActiveCfg = Debug|Any CPU
		{37FC3470-8DEB-40F3-B1E5-A242812A0C5A}.Debug|Any CPU.Build.0 = Debug|Any CPU
		{37FC3470-8DEB-40F3-B1E5-A242812A0C5A}.Release|Any CPU.ActiveCfg = Release|Any CPU
		{37FC3470-8DEB-40F3-B1E5-A242812A0C5A}.Release|Any CPU.Build.0 = Release|Any CPU
	EndGlobalSection
	GlobalSection(SolutionProperties) = preSolution
		HideSolutionNode = FALSE
	EndGlobalSection
	GlobalSection(ExtensibilityGlobals) = postSolution
		SolutionGuid = {660E427C-5097-4697-AD2A-4E85A7592DE0}
	EndGlobalSection
EndGlobal
